
Microsoft Visual Studio Solution File, Format Version 12.00
# Visual Studio Version 16
VisualStudioVersion = 16.0.31019.35
MinimumVisualStudioVersion = 10.0.40219.1
Project("{9A19103F-16F7-4668-BE54-9A1E7A4F7556}") = "BlogLab.Web", "BlogLab.Web\BlogLab.Web.csproj", "{182F3016-7E01-4673-A378-0C8558B3CEA6}"
EndProject
Project("{9A19103F-16F7-4668-BE54-9A1E7A4F7556}") = "BlogLab.Models", "BlogLab.Models\BlogLab.Models.csproj", "{3F9DDF3D-47F1-4685-8BF2-0E3FFF257295}"
EndProject
Project("{9A19103F-16F7-4668-BE54-9A1E7A4F7556}") = "BlogLab.Repository", "BlogLab.Repository\BlogLab.Repository.csproj", "{2A4DAA58-DEE1-4A8E-9DBC-722690168619}"
EndProject
Project("{FAE04EC0-301F-11D3-BF4B-00C04F79EFBC}") = "BlogLab.Identity", "BlogLab.Identity\BlogLab.Identity.csproj", "{C7F9056E-8CBC-4EBE-AD71-198F57AF9A0A}"
EndProject
Project("{FAE04EC0-301F-11D3-BF4B-00C04F79EFBC}") = "BlogLab.Services", "BlogLab.Services\BlogLab.Services.csproj", "{1D40A6B7-BBB1-4F12-999C-6B8EE2DC124F}"
EndProject
Global
	GlobalSection(SolutionConfigurationPlatforms) = preSolution
		Debug|Any CPU = Debug|Any CPU
		Release|Any CPU = Release|Any CPU
	EndGlobalSection
	GlobalSection(ProjectConfigurationPlatforms) = postSolution
		{182F3016-7E01-4673-A378-0C8558B3CEA6}.Debug|Any CPU.ActiveCfg = Debug|Any CPU
		{182F3016-7E01-4673-A378-0C8558B3CEA6}.Debug|Any CPU.Build.0 = Debug|Any CPU
		{182F3016-7E01-4673-A378-0C8558B3CEA6}.Release|Any CPU.ActiveCfg = Release|Any CPU
		{182F3016-7E01-4673-A378-0C8558B3CEA6}.Release|Any CPU.Build.0 = Release|Any CPU
		{3F9DDF3D-47F1-4685-8BF2-0E3FFF257295}.Debug|Any CPU.ActiveCfg = Debug|Any CPU
		{3F9DDF3D-47F1-4685-8BF2-0E3FFF257295}.Debug|Any CPU.Build.0 = Debug|Any CPU
		{3F9DDF3D-47F1-4685-8BF2-0E3FFF257295}.Release|Any CPU.ActiveCfg = Release|Any CPU
		{3F9DDF3D-47F1-4685-8BF2-0E3FFF257295}.Release|Any CPU.Build.0 = Release|Any CPU
		{2A4DAA58-DEE1-4A8E-9DBC-722690168619}.Debug|Any CPU.ActiveCfg = Debug|Any CPU
		{2A4DAA58-DEE1-4A8E-9DBC-722690168619}.Debug|Any CPU.Build.0 = Debug|Any CPU
		{2A4DAA58-DEE1-4A8E-9DBC-722690168619}.Release|Any CPU.ActiveCfg = Release|Any CPU
		{2A4DAA58-DEE1-4A8E-9DBC-722690168619}.Release|Any CPU.Build.0 = Release|Any CPU
		{C7F9056E-8CBC-4EBE-AD71-198F57AF9A0A}.Debug|Any CPU.ActiveCfg = Debug|Any CPU
		{C7F9056E-8CBC-4EBE-AD71-198F57AF9A0A}.Debug|Any CPU.Build.0 = Debug|Any CPU
		{C7F9056E-8CBC-4EBE-AD71-198F57AF9A0A}.Release|Any CPU.ActiveCfg = Release|Any CPU
		{C7F9056E-8CBC-4EBE-AD71-198F57AF9A0A}.Release|Any CPU.Build.0 = Release|Any CPU
		{1D40A6B7-BBB1-4F12-999C-6B8EE2DC124F}.Debug|Any CPU.ActiveCfg = Debug|Any CPU
		{1D40A6B7-BBB1-4F12-999C-6B8EE2DC124F}.Debug|Any CPU.Build.0 = Debug|Any CPU
		{1D40A6B7-BBB1-4F12-999C-6B8EE2DC124F}.Release|Any CPU.ActiveCfg = Release|Any CPU
		{1D40A6B7-BBB1-4F12-999C-6B8EE2DC124F}.Release|Any CPU.Build.0 = Release|Any CPU
	EndGlobalSection
	GlobalSection(SolutionProperties) = preSolution
		HideSolutionNode = FALSE
	EndGlobalSection
	GlobalSection(ExtensibilityGlobals) = postSolution
		SolutionGuid = {8F007144-79C4-449C-873A-C56A993885C2}
	EndGlobalSection
EndGlobal
